
Microsoft Visual Studio Solution File, Format Version 12.00
# Visual Studio 14
VisualStudioVersion = 14.0.25420.1
MinimumVisualStudioVersion = 10.0.40219.1
Project("{8BC9CEB8-8B4A-11D0-8D11-00A0C91BC942}") = "lib", "lib.vcxproj", "{7A53119E-1803-42CD-BC2F-CF60B09A42E6}"
	ProjectSection(ProjectDependencies) = postProject
		{97BCC91D-46AC-48D9-8994-43EEF87A7131} = {97BCC91D-46AC-48D9-8994-43EEF87A7131}
		{F3B95137-4064-4C78-98ED-AB11F437A9EA} = {F3B95137-4064-4C78-98ED-AB11F437A9EA}
	EndProjectSection
EndProject
Project("{8BC9CEB8-8B4A-11D0-8D11-00A0C91BC942}") = "test", "test.vcxproj", "{3CB2C5EB-D651-42DA-B254-9B5E121B98DD}"
	ProjectSection(ProjectDependencies) = postProject
		{7A53119E-1803-42CD-BC2F-CF60B09A42E6} = {7A53119E-1803-42CD-BC2F-CF60B09A42E6}
	EndProjectSection
EndProject
Project("{8BC9CEB8-8B4A-11D0-8D11-00A0C91BC942}") = "lib-d3dhook", "lib-d3dhook\lib-d3dhook.vcxproj", "{97BCC91D-46AC-48D9-8994-43EEF87A7131}"
EndProject
Project("{8BC9CEB8-8B4A-11D0-8D11-00A0C91BC942}") = "lib-glhook", "lib-glhook\lib-glhook.vcxproj", "{F3B95137-4064-4C78-98ED-AB11F437A9EA}"
EndProject
Global
	GlobalSection(SolutionConfigurationPlatforms) = preSolution
		Debug_DLL|x64 = Debug_DLL|x64
		Debug_DLL|x86 = Debug_DLL|x86
		Debug|x64 = Debug|x64
		Debug|x86 = Debug|x86
		Release_DLL|x64 = Release_DLL|x64
		Release_DLL|x86 = Release_DLL|x86
		Release|x64 = Release|x64
		Release|x86 = Release|x86
	EndGlobalSection
	GlobalSection(ProjectConfigurationPlatforms) = postSolution
		{7A53119E-1803-42CD-BC2F-CF60B09A42E6}.Debug_DLL|x64.ActiveCfg = Debug_DLL|Win32
		{7A53119E-1803-42CD-BC2F-CF60B09A42E6}.Debug_DLL|x86.ActiveCfg = Debug_DLL|Win32
		{7A53119E-1803-42CD-BC2F-CF60B09A42E6}.Debug_DLL|x86.Build.0 = Debug_DLL|Win32
		{7A53119E-1803-42CD-BC2F-CF60B09A42E6}.Debug|x64.ActiveCfg = Debug|Win32
		{7A53119E-1803-42CD-BC2F-CF60B09A42E6}.Debug|x86.ActiveCfg = Debug|Win32
		{7A53119E-1803-42CD-BC2F-CF60B09A42E6}.Debug|x86.Build.0 = Debug|Win32
		{7A53119E-1803-42CD-BC2F-CF60B09A42E6}.Release_DLL|x64.ActiveCfg = Release_DLL|Win32
		{7A53119E-1803-42CD-BC2F-CF60B09A42E6}.Release_DLL|x86.ActiveCfg = Release_DLL|Win32
		{7A53119E-1803-42CD-BC2F-CF60B09A42E6}.Release_DLL|x86.Build.0 = Release_DLL|Win32
		{7A53119E-1803-42CD-BC2F-CF60B09A42E6}.Release|x64.ActiveCfg = Release|Win32
		{7A53119E-1803-42CD-BC2F-CF60B09A42E6}.Release|x86.ActiveCfg = Release|Win32
		{7A53119E-1803-42CD-BC2F-CF60B09A42E6}.Release|x86.Build.0 = Release|Win32
		{3CB2C5EB-D651-42DA-B254-9B5E121B98DD}.Debug_DLL|x64.ActiveCfg = Debug_DLL|Win32
		{3CB2C5EB-D651-42DA-B254-9B5E121B98DD}.Debug_DLL|x86.ActiveCfg = Debug_DLL|Win32
		{3CB2C5EB-D651-42DA-B254-9B5E121B98DD}.Debug_DLL|x86.Build.0 = Debug_DLL|Win32
		{3CB2C5EB-D651-42DA-B254-9B5E121B98DD}.Debug|x64.ActiveCfg = Release_DLL|Win32
		{3CB2C5EB-D651-42DA-B254-9B5E121B98DD}.Debug|x64.Build.0 = Release_DLL|Win32
		{3CB2C5EB-D651-42DA-B254-9B5E121B98DD}.Debug|x86.ActiveCfg = Debug_DLL|Win32
		{3CB2C5EB-D651-42DA-B254-9B5E121B98DD}.Debug|x86.Build.0 = Debug_DLL|Win32
		{3CB2C5EB-D651-42DA-B254-9B5E121B98DD}.Release_DLL|x64.ActiveCfg = Release_DLL|Win32
		{3CB2C5EB-D651-42DA-B254-9B5E121B98DD}.Release_DLL|x86.ActiveCfg = Release_DLL|Win32
		{3CB2C5EB-D651-42DA-B254-9B5E121B98DD}.Release_DLL|x86.Build.0 = Release_DLL|Win32
		{3CB2C5EB-D651-42DA-B254-9B5E121B98DD}.Release|x64.ActiveCfg = Release_DLL|Win32
		{3CB2C5EB-D651-42DA-B254-9B5E121B98DD}.Release|x64.Build.0 = Release_DLL|Win32
		{3CB2C5EB-D651-42DA-B254-9B5E121B98DD}.Release|x86.ActiveCfg = Release_DLL|Win32
		{3CB2C5EB-D651-42DA-B254-9B5E121B98DD}.Release|x86.Build.0 = Release_DLL|Win32
		{97BCC91D-46AC-48D9-8994-43EEF87A7131}.Debug_DLL|x64.ActiveCfg = Release|Win32
		{97BCC91D-46AC-48D9-8994-43EEF87A7131}.Debug_DLL|x64.Build.0 = Release|Win32
		{97BCC91D-46AC-48D9-8994-43EEF87A7131}.Debug_DLL|x86.ActiveCfg = Debug|Win32
		{97BCC91D-46AC-48D9-8994-43EEF87A7131}.Debug_DLL|x86.Build.0 = Debug|Win32
		{97BCC91D-46AC-48D9-8994-43EEF87A7131}.Debug|x64.ActiveCfg = Debug|Win32
		{97BCC91D-46AC-48D9-8994-43EEF87A7131}.Debug|x86.ActiveCfg = Debug|Win32
		{97BCC91D-46AC-48D9-8994-43EEF87A7131}.Debug|x86.Build.0 = Debug|Win32
		{97BCC91D-46AC-48D9-8994-43EEF87A7131}.Release_DLL|x64.ActiveCfg = Release|Win32
		{97BCC91D-46AC-48D9-8994-43EEF87A7131}.Release_DLL|x64.Build.0 = Release|Win32
		{97BCC91D-46AC-48D9-8994-43EEF87A7131}.Release_DLL|x86.ActiveCfg = Release|Win32
		{97BCC91D-46AC-48D9-8994-43EEF87A7131}.Release_DLL|x86.Build.0 = Release|Win32
		{97BCC91D-46AC-48D9-8994-43EEF87A7131}.Release|x64.ActiveCfg = Release|Win32
		{97BCC91D-46AC-48D9-8994-43EEF87A7131}.Release|x86.ActiveCfg = Release|Win32
		{97BCC91D-46AC-48D9-8994-43EEF87A7131}.Release|x86.Build.0 = Release|Win32
		{F3B95137-4064-4C78-98ED-AB11F437A9EA}.Debug_DLL|x64.ActiveCfg = Release|Win32
		{F3B95137-4064-4C78-98ED-AB11F437A9EA}.Debug_DLL|x64.Build.0 = Release|Win32
		{F3B95137-4064-4C78-98ED-AB11F437A9EA}.Debug_DLL|x86.ActiveCfg = Debug|Win32
		{F3B95137-4064-4C78-98ED-AB11F437A9EA}.Debug_DLL|x86.Build.0 = Debug|Win32
		{F3B95137-4064-4C78-98ED-AB11F437A9EA}.Debug|x64.ActiveCfg = Debug|Win32
		{F3B95137-4064-4C78-98ED-AB11F437A9EA}.Debug|x86.ActiveCfg = Debug|Win32
		{F3B95137-4064-4C78-98ED-AB11F437A9EA}.Debug|x86.Build.0 = Debug|Win32
		{F3B95137-4064-4C78-98ED-AB11F437A9EA}.Release_DLL|x64.ActiveCfg = Release|Win32
		{F3B95137-4064-4C78-98ED-AB11F437A9EA}.Release_DLL|x64.Build.0 = Release|Win32
		{F3B95137-4064-4C78-98ED-AB11F437A9EA}.Release_DLL|x86.ActiveCfg = Release|Win32
		{F3B95137-4064-4C78-98ED-AB11F437A9EA}.Release_DLL|x86.Build.0 = Release|Win32
		{F3B95137-4064-4C78-98ED-AB11F437A9EA}.Release|x64.ActiveCfg = Release|Win32
		{F3B95137-4064-4C78-98ED-AB11F437A9EA}.Release|x86.ActiveCfg = Release|Win32
		{F3B95137-4064-4C78-98ED-AB11F437A9EA}.Release|x86.Build.0 = Release|Win32
	EndGlobalSection
	GlobalSection(SolutionProperties) = preSolution
		HideSolutionNode = FALSE
	EndGlobalSection
EndGlobal
