<?xml version="1.0" encoding="utf-8"?>
<Project ToolsVersion="4.0" xmlns="http://schemas.microsoft.com/developer/msbuild/2003">
  <ItemGroup>
    <Filter Include="Source Files">
      <UniqueIdentifier>{4FC737F1-C7A5-4376-A066-2A32D752A2FF}</UniqueIdentifier>
      <Extensions>cpp;c;cc;cxx;def;odl;idl;hpj;bat;asm;asmx</Extensions>
    </Filter>
    <Filter Include="Header Files">
      <UniqueIdentifier>{93995380-89BD-4b04-88EB-625FBE52EBFB}</UniqueIdentifier>
      <Extensions>h;hh;hpp;hxx;hm;inl;inc;xsd</Extensions>
    </Filter>
    <Filter Include="Resource Files">
      <UniqueIdentifier>{67DA6AB6-F800-4c08-8B7A-83BB121AAD01}</UniqueIdentifier>
      <Extensions>rc;ico;cur;bmp;dlg;rc2;rct;bin;rgs;gif;jpg;jpeg;jpe;resx;tiff;tif;png;wav;mfcribbon-ms</Extensions>
    </Filter>
  </ItemGroup>
  <ItemGroup>
    <Text Include="ReadMe.txt" />
  </ItemGroup>
  <ItemGroup>
    <ClInclude Include="stdafx.h">
      <Filter>Header Files</Filter>
    </ClInclude>
    <ClInclude Include="targetver.h">
      <Filter>Header Files</Filter>
    </ClInclude>
    <ClInclude Include="record_audio.h">
      <Filter>Header Files</Filter>
    </ClInclude>
    <ClInclude Include="record_desktop.h">
      <Filter>Header Files</Filter>
    </ClInclude>
    <ClInclude Include="encoder_aac.h">
      <Filter>Header Files</Filter>
    </ClInclude>
    <ClInclude Include="encoder_264.h">
      <Filter>Header Files</Filter>
    </ClInclude>
    <ClInclude Include="muxer_mp4.h">
      <Filter>Header Files</Filter>
    </ClInclude>
    <ClInclude Include="error_define.h">
      <Filter>Header Files</Filter>
    </ClInclude>
    <ClInclude Include="log_helper.h">
      <Filter>Header Files</Filter>
    </ClInclude>
    <ClInclude Include="record_audio_wasapi.h">
      <Filter>Header Files</Filter>
    </ClInclude>
    <ClInclude Include="record_audio_define.h">
      <Filter>Header Files</Filter>
    </ClInclude>
    <ClInclude Include="record_audio_factory.h">
      <Filter>Header Files</Filter>
    </ClInclude>
    <ClInclude Include="record_desktop_gdi.h">
      <Filter>Header Files</Filter>
    </ClInclude>
    <ClInclude Include="record_desktop_factory.h">
      <Filter>Header Files</Filter>
    </ClInclude>
    <ClInclude Include="record_desktop_define.h">
      <Filter>Header Files</Filter>
    </ClInclude>
    <ClInclude Include="resample_pcm.h">
      <Filter>Header Files</Filter>
    </ClInclude>
    <ClInclude Include="ring_buffer.h">
      <Filter>Header Files</Filter>
    </ClInclude>
    <ClInclude Include="muxer_define.h">
      <Filter>Header Files</Filter>
    </ClInclude>
    <ClInclude Include="muxer_libmp4v2.h">
      <Filter>Header Files</Filter>
    </ClInclude>
    <ClInclude Include="record_audio_dshow.h">
      <Filter>Header Files</Filter>
    </ClInclude>
    <ClInclude Include="headers_ffmpeg.h">
      <Filter>Header Files</Filter>
    </ClInclude>
    <ClInclude Include="filter_audio.h">
      <Filter>Header Files</Filter>
    </ClInclude>
    <ClInclude Include="sws_helper.h">
      <Filter>Header Files</Filter>
    </ClInclude>
    <ClInclude Include="record_desktop_dshow.h">
      <Filter>Header Files</Filter>
    </ClInclude>
    <ClInclude Include="device_audios.h">
      <Filter>Header Files</Filter>
    </ClInclude>
    <ClInclude Include="mmdevice_define.h">
      <Filter>Header Files</Filter>
    </ClInclude>
    <ClInclude Include="utils_string.h">
      <Filter>Header Files</Filter>
    </ClInclude>
  </ItemGroup>
  <ItemGroup>
    <ClCompile Include="stdafx.cpp">
      <Filter>Source Files</Filter>
    </ClCompile>
    <ClCompile Include="main.cpp">
      <Filter>Source Files</Filter>
    </ClCompile>
    <ClCompile Include="record_audio_wasapi.cpp">
      <Filter>Source Files</Filter>
    </ClCompile>
    <ClCompile Include="record_audio.cpp">
      <Filter>Source Files</Filter>
    </ClCompile>
    <ClCompile Include="record_audio_factory.cpp">
      <Filter>Source Files</Filter>
    </ClCompile>
    <ClCompile Include="record_desktop_gdi.cpp">
      <Filter>Source Files</Filter>
    </ClCompile>
    <ClCompile Include="record_desktop.cpp">
      <Filter>Source Files</Filter>
    </ClCompile>
    <ClCompile Include="record_desktop_factory.cpp">
      <Filter>Source Files</Filter>
    </ClCompile>
    <ClCompile Include="resample_pcm.cpp">
      <Filter>Source Files</Filter>
    </ClCompile>
    <ClCompile Include="encoder_264.cpp">
      <Filter>Source Files</Filter>
    </ClCompile>
    <ClCompile Include="muxer_mp4.cpp">
      <Filter>Source Files</Filter>
    </ClCompile>
    <ClCompile Include="encoder_aac.cpp">
      <Filter>Source Files</Filter>
    </ClCompile>
    <ClCompile Include="muxer_libmp4v2.cpp">
      <Filter>Source Files</Filter>
    </ClCompile>
    <ClCompile Include="record_audio_dshow.cpp">
      <Filter>Source Files</Filter>
    </ClCompile>
    <ClCompile Include="filter_audio.cpp">
      <Filter>Source Files</Filter>
    </ClCompile>
    <ClCompile Include="sws_helper.cpp">
      <Filter>Source Files</Filter>
    </ClCompile>
    <ClCompile Include="record_desktop_dshow.cpp">
      <Filter>Source Files</Filter>
    </ClCompile>
    <ClCompile Include="device_audios.cpp">
      <Filter>Source Files</Filter>
    </ClCompile>
    <ClCompile Include="utils_string.cpp">
      <Filter>Source Files</Filter>
    </ClCompile>
  </ItemGroup>
</Project>